{
  "name": "aesthetiq-v1",
  "version": "1.0.0",
  "lockfileVersion": 1,
  "requires": true,
  "dependencies": {
    "bootstrap": {
      "version": "4.3.1",
      "resolved": "https://registry.npmjs.org/bootstrap/-/bootstrap-4.3.1.tgz",
      "integrity": "sha512-rXqOmH1VilAt2DyPzluTi2blhk17bO7ef+zLLPlWvG494pDxcM234pJ8wTc/6R40UWizAIIMgxjvxZg5kmsbag=="
    },
    "hover.css": {
      "version": "2.3.2",
      "resolved": "https://registry.npmjs.org/hover.css/-/hover.css-2.3.2.tgz",
      "integrity": "sha1-8HGT2cdAnU45UTTTsiFbmetV4NM="
    },
    "lightbox2": {
      "version": "2.11.1",
      "resolved": "https://registry.npmjs.org/lightbox2/-/lightbox2-2.11.1.tgz",
      "integrity": "sha512-24vsIspqtcnkVlh6XgGK+vHm9tUc2/x4tNpAQdEAbafIrTk4fzVgozcIX7ExUG0TAlhsE7VMtWc+WD5Sb7PiXA=="
    },
    "sweetalert2": {
      "version": "9.3.13",
      "resolved": "https://registry.npmjs.org/sweetalert2/-/sweetalert2-9.3.13.tgz",
      "integrity": "sha512-tj2Z+Bi52HMDT0x3WVTaFurnc+jY5/xcnRlbxtsG+RrjDRQdp+0mtUSMg7PhPS6vyzUXbCL5EdyiwzK/mGUIlQ=="
    }
  }
}
